
Microsoft Visual Studio Solution File, Format Version 12.00
# Visual Studio 15
VisualStudioVersion = 15.0.28307.852
MinimumVisualStudioVersion = 10.0.40219.1
Project("{FAE04EC0-301F-11D3-BF4B-00C04F79EFBC}") = "Linq", "Linq.csproj", "{2E9AE31C-9048-4B70-B16D-95C19E35EAB4}"
EndProject
Global
	GlobalSection(SolutionConfigurationPlatforms) = preSolution
		Debug|x86 = Debug|x86
		Release|x86 = Release|x86
	EndGlobalSection
	GlobalSection(ProjectConfigurationPlatforms) = postSolution
		{2E9AE31C-9048-4B70-B16D-95C19E35EAB4}.Debug|x86.ActiveCfg = Debug|x86
		{2E9AE31C-9048-4B70-B16D-95C19E35EAB4}.Debug|x86.Build.0 = Debug|x86
		{2E9AE31C-9048-4B70-B16D-95C19E35EAB4}.Release|x86.ActiveCfg = Release|x86
		{2E9AE31C-9048-4B70-B16D-95C19E35EAB4}.Release|x86.Build.0 = Release|x86
	EndGlobalSection
	GlobalSection(SolutionProperties) = preSolution
		HideSolutionNode = FALSE
	EndGlobalSection
	GlobalSection(ExtensibilityGlobals) = postSolution
		SolutionGuid = {6EC9F899-5002-45C7-B2F6-93CFA2B7B3E5}
	EndGlobalSection
EndGlobal
